
Microsoft Visual Studio Solution File, Format Version 12.00
# Visual Studio Version 18
VisualStudioVersion = 18.2.11415.280 d18.0
MinimumVisualStudioVersion = 10.0.40219.1
Project("{2150E333-8FDC-42A3-9474-1A3956D46DE8}") = "Core", "Core", "{02EA681E-C7D8-13C7-8484-4AC65E1B71E8}"
EndProject
Project("{2150E333-8FDC-42A3-9474-1A3956D46DE8}") = "Infrastructure", "Infrastructure", "{15FD1C26-885D-4515-935E-CEF86B001EDF}"
EndProject
Project("{2150E333-8FDC-42A3-9474-1A3956D46DE8}") = "Presentation", "Presentation", "{09962CEA-39D4-4403-A086-BB26DFDF1BFA}"
EndProject
Project("{2150E333-8FDC-42A3-9474-1A3956D46DE8}") = "Utilities", "Utilities", "{39328F09-5EA4-4979-9E87-03CAC9FEE585}"
EndProject
Project("{FAE04EC0-301F-11D3-BF4B-00C04F79EFBC}") = "bdDevCRM.Entities", "bdDevCRM.Entities\bdDevCRM.Entities.csproj", "{CD7F1E79-5893-4980-9CED-495F7C6774EA}"
EndProject
Project("{FAE04EC0-301F-11D3-BF4B-00C04F79EFBC}") = "bdDevCRM.LoggerSevice", "bdDevCRM.LoggerSevice\bdDevCRM.LoggerSevice.csproj", "{8B6E44C9-8644-40C5-8B7A-CD2FFD92D465}"
EndProject
Project("{FAE04EC0-301F-11D3-BF4B-00C04F79EFBC}") = "bdDevCRM.Repositories", "bdDevCRM.Repositories\bdDevCRM.Repositories.csproj", "{6EB4246F-5A44-49E6-9C56-C682AC1BA868}"
EndProject
Project("{FAE04EC0-301F-11D3-BF4B-00C04F79EFBC}") = "bdDevCRM.RepositoriesContracts", "bdDevCRM.RepositoriesContracts\bdDevCRM.RepositoriesContracts.csproj", "{D5C72385-0424-4015-B4F4-4C6E25E14D9F}"
EndProject
Project("{FAE04EC0-301F-11D3-BF4B-00C04F79EFBC}") = "bdDevCRM.Sql", "bdDevCRM.Sql\bdDevCRM.Sql.csproj", "{5ECCE8EA-B7C3-4571-BF56-2C899E1F79C6}"
EndProject
Project("{FAE04EC0-301F-11D3-BF4B-00C04F79EFBC}") = "bdDevCRM.Service", "bdDevCRM.Service\bdDevCRM.Service.csproj", "{66B76309-F3CF-49E5-A39E-F2F814DC4239}"
EndProject
Project("{FAE04EC0-301F-11D3-BF4B-00C04F79EFBC}") = "bdDevCRM.ServiceContract", "bdDevCRM.ServiceContract\bdDevCRM.ServiceContract.csproj", "{3BCA1F77-EE19-48C8-A6F5-3563110516E3}"
EndProject
Project("{FAE04EC0-301F-11D3-BF4B-00C04F79EFBC}") = "bdDevCRM.Api", "bdDevCRM.Api\bdDevCRM.Api.csproj", "{22190269-DA91-4476-9999-9A494CC7B189}"
EndProject
Project("{FAE04EC0-301F-11D3-BF4B-00C04F79EFBC}") = "bdDevCRM.Presentation", "bdDevCRM.Presentation\bdDevCRM.Presentation.csproj", "{5B17DE6A-3143-4527-885E-794EB16DBE04}"
EndProject
Project("{FAE04EC0-301F-11D3-BF4B-00C04F79EFBC}") = "bdDevCRM.Shared", "bdDevCRM.Shared\bdDevCRM.Shared.csproj", "{8F5D1A32-0A74-4FD2-A4E9-87217E15C2BA}"
EndProject
Project("{FAE04EC0-301F-11D3-BF4B-00C04F79EFBC}") = "bdDevCRM.Utilities", "bdDevCRM.Utilities\bdDevCRM.Utilities.csproj", "{FDCC24C8-7020-4D1B-8823-A04FCEA4E565}"
EndProject
Project("{FAE04EC0-301F-11D3-BF4B-00C04F79EFBC}") = "bdDevCRM.RepositoryDtos", "bdDevCRM.RepositoryDtos\bdDevCRM.RepositoryDtos.csproj", "{9627C670-36BD-4D99-AA3A-89629D83CB18}"
EndProject
Project("{FAE04EC0-301F-11D3-BF4B-00C04F79EFBC}") = "bdDevs.Security", "bdDevs.Security\bdDevs.Security.csproj", "{37E0136C-30CE-445D-82D7-B5F21B416585}"
EndProject
Global
	GlobalSection(SolutionConfigurationPlatforms) = preSolution
		Debug|Any CPU = Debug|Any CPU
		Release|Any CPU = Release|Any CPU
	EndGlobalSection
	GlobalSection(ProjectConfigurationPlatforms) = postSolution
		{CD7F1E79-5893-4980-9CED-495F7C6774EA}.Debug|Any CPU.ActiveCfg = Debug|Any CPU
		{CD7F1E79-5893-4980-9CED-495F7C6774EA}.Debug|Any CPU.Build.0 = Debug|Any CPU
		{CD7F1E79-5893-4980-9CED-495F7C6774EA}.Release|Any CPU.ActiveCfg = Release|Any CPU
		{CD7F1E79-5893-4980-9CED-495F7C6774EA}.Release|Any CPU.Build.0 = Release|Any CPU
		{8B6E44C9-8644-40C5-8B7A-CD2FFD92D465}.Debug|Any CPU.ActiveCfg = Debug|Any CPU
		{8B6E44C9-8644-40C5-8B7A-CD2FFD92D465}.Debug|Any CPU.Build.0 = Debug|Any CPU
		{8B6E44C9-8644-40C5-8B7A-CD2FFD92D465}.Release|Any CPU.ActiveCfg = Release|Any CPU
		{8B6E44C9-8644-40C5-8B7A-CD2FFD92D465}.Release|Any CPU.Build.0 = Release|Any CPU
		{6EB4246F-5A44-49E6-9C56-C682AC1BA868}.Debug|Any CPU.ActiveCfg = Debug|Any CPU
		{6EB4246F-5A44-49E6-9C56-C682AC1BA868}.Debug|Any CPU.Build.0 = Debug|Any CPU
		{6EB4246F-5A44-49E6-9C56-C682AC1BA868}.Release|Any CPU.ActiveCfg = Release|Any CPU
		{6EB4246F-5A44-49E6-9C56-C682AC1BA868}.Release|Any CPU.Build.0 = Release|Any CPU
		{D5C72385-0424-4015-B4F4-4C6E25E14D9F}.Debug|Any CPU.ActiveCfg = Debug|Any CPU
		{D5C72385-0424-4015-B4F4-4C6E25E14D9F}.Debug|Any CPU.Build.0 = Debug|Any CPU
		{D5C72385-0424-4015-B4F4-4C6E25E14D9F}.Release|Any CPU.ActiveCfg = Release|Any CPU
		{D5C72385-0424-4015-B4F4-4C6E25E14D9F}.Release|Any CPU.Build.0 = Release|Any CPU
		{5ECCE8EA-B7C3-4571-BF56-2C899E1F79C6}.Debug|Any CPU.ActiveCfg = Debug|Any CPU
		{5ECCE8EA-B7C3-4571-BF56-2C899E1F79C6}.Debug|Any CPU.Build.0 = Debug|Any CPU
		{5ECCE8EA-B7C3-4571-BF56-2C899E1F79C6}.Release|Any CPU.ActiveCfg = Release|Any CPU
		{5ECCE8EA-B7C3-4571-BF56-2C899E1F79C6}.Release|Any CPU.Build.0 = Release|Any CPU
		{66B76309-F3CF-49E5-A39E-F2F814DC4239}.Debug|Any CPU.ActiveCfg = Debug|Any CPU
		{66B76309-F3CF-49E5-A39E-F2F814DC4239}.Debug|Any CPU.Build.0 = Debug|Any CPU
		{66B76309-F3CF-49E5-A39E-F2F814DC4239}.Release|Any CPU.ActiveCfg = Release|Any CPU
		{66B76309-F3CF-49E5-A39E-F2F814DC4239}.Release|Any CPU.Build.0 = Release|Any CPU
		{3BCA1F77-EE19-48C8-A6F5-3563110516E3}.Debug|Any CPU.ActiveCfg = Debug|Any CPU
		{3BCA1F77-EE19-48C8-A6F5-3563110516E3}.Debug|Any CPU.Build.0 = Debug|Any CPU
		{3BCA1F77-EE19-48C8-A6F5-3563110516E3}.Release|Any CPU.ActiveCfg = Release|Any CPU
		{3BCA1F77-EE19-48C8-A6F5-3563110516E3}.Release|Any CPU.Build.0 = Release|Any CPU
		{22190269-DA91-4476-9999-9A494CC7B189}.Debug|Any CPU.ActiveCfg = Debug|Any CPU
		{22190269-DA91-4476-9999-9A494CC7B189}.Debug|Any CPU.Build.0 = Debug|Any CPU
		{22190269-DA91-4476-9999-9A494CC7B189}.Release|Any CPU.ActiveCfg = Release|Any CPU
		{22190269-DA91-4476-9999-9A494CC7B189}.Release|Any CPU.Build.0 = Release|Any CPU
		{5B17DE6A-3143-4527-885E-794EB16DBE04}.Debug|Any CPU.ActiveCfg = Debug|Any CPU
		{5B17DE6A-3143-4527-885E-794EB16DBE04}.Debug|Any CPU.Build.0 = Debug|Any CPU
		{5B17DE6A-3143-4527-885E-794EB16DBE04}.Release|Any CPU.ActiveCfg = Release|Any CPU
		{5B17DE6A-3143-4527-885E-794EB16DBE04}.Release|Any CPU.Build.0 = Release|Any CPU
		{8F5D1A32-0A74-4FD2-A4E9-87217E15C2BA}.Debug|Any CPU.ActiveCfg = Debug|Any CPU
		{8F5D1A32-0A74-4FD2-A4E9-87217E15C2BA}.Debug|Any CPU.Build.0 = Debug|Any CPU
		{8F5D1A32-0A74-4FD2-A4E9-87217E15C2BA}.Release|Any CPU.ActiveCfg = Release|Any CPU
		{8F5D1A32-0A74-4FD2-A4E9-87217E15C2BA}.Release|Any CPU.Build.0 = Release|Any CPU
		{FDCC24C8-7020-4D1B-8823-A04FCEA4E565}.Debug|Any CPU.ActiveCfg = Debug|Any CPU
		{FDCC24C8-7020-4D1B-8823-A04FCEA4E565}.Debug|Any CPU.Build.0 = Debug|Any CPU
		{FDCC24C8-7020-4D1B-8823-A04FCEA4E565}.Release|Any CPU.ActiveCfg = Release|Any CPU
		{FDCC24C8-7020-4D1B-8823-A04FCEA4E565}.Release|Any CPU.Build.0 = Release|Any CPU
		{9627C670-36BD-4D99-AA3A-89629D83CB18}.Debug|Any CPU.ActiveCfg = Debug|Any CPU
		{9627C670-36BD-4D99-AA3A-89629D83CB18}.Debug|Any CPU.Build.0 = Debug|Any CPU
		{9627C670-36BD-4D99-AA3A-89629D83CB18}.Release|Any CPU.ActiveCfg = Release|Any CPU
		{9627C670-36BD-4D99-AA3A-89629D83CB18}.Release|Any CPU.Build.0 = Release|Any CPU
		{37E0136C-30CE-445D-82D7-B5F21B416585}.Debug|Any CPU.ActiveCfg = Debug|Any CPU
		{37E0136C-30CE-445D-82D7-B5F21B416585}.Debug|Any CPU.Build.0 = Debug|Any CPU
		{37E0136C-30CE-445D-82D7-B5F21B416585}.Release|Any CPU.ActiveCfg = Release|Any CPU
		{37E0136C-30CE-445D-82D7-B5F21B416585}.Release|Any CPU.Build.0 = Release|Any CPU
	EndGlobalSection
	GlobalSection(SolutionProperties) = preSolution
		HideSolutionNode = FALSE
	EndGlobalSection
	GlobalSection(NestedProjects) = preSolution
		{CD7F1E79-5893-4980-9CED-495F7C6774EA} = {02EA681E-C7D8-13C7-8484-4AC65E1B71E8}
		{8B6E44C9-8644-40C5-8B7A-CD2FFD92D465} = {02EA681E-C7D8-13C7-8484-4AC65E1B71E8}
		{6EB4246F-5A44-49E6-9C56-C682AC1BA868} = {02EA681E-C7D8-13C7-8484-4AC65E1B71E8}
		{D5C72385-0424-4015-B4F4-4C6E25E14D9F} = {02EA681E-C7D8-13C7-8484-4AC65E1B71E8}
		{5ECCE8EA-B7C3-4571-BF56-2C899E1F79C6} = {02EA681E-C7D8-13C7-8484-4AC65E1B71E8}
		{66B76309-F3CF-49E5-A39E-F2F814DC4239} = {15FD1C26-885D-4515-935E-CEF86B001EDF}
		{3BCA1F77-EE19-48C8-A6F5-3563110516E3} = {15FD1C26-885D-4515-935E-CEF86B001EDF}
		{22190269-DA91-4476-9999-9A494CC7B189} = {09962CEA-39D4-4403-A086-BB26DFDF1BFA}
		{5B17DE6A-3143-4527-885E-794EB16DBE04} = {09962CEA-39D4-4403-A086-BB26DFDF1BFA}
		{8F5D1A32-0A74-4FD2-A4E9-87217E15C2BA} = {39328F09-5EA4-4979-9E87-03CAC9FEE585}
		{FDCC24C8-7020-4D1B-8823-A04FCEA4E565} = {39328F09-5EA4-4979-9E87-03CAC9FEE585}
		{9627C670-36BD-4D99-AA3A-89629D83CB18} = {02EA681E-C7D8-13C7-8484-4AC65E1B71E8}
		{37E0136C-30CE-445D-82D7-B5F21B416585} = {02EA681E-C7D8-13C7-8484-4AC65E1B71E8}
	EndGlobalSection
	GlobalSection(ExtensibilityGlobals) = postSolution
		SolutionGuid = {C027A65C-F01A-46B0-931B-2106C1C25372}
	EndGlobalSection
EndGlobal
